
Microsoft Visual Studio Solution File, Format Version 12.00
# Visual Studio Version 17
VisualStudioVersion = 17.14.36414.22 d17.14
MinimumVisualStudioVersion = 10.0.40219.1
Project("{FAE04EC0-301F-11D3-BF4B-00C04F79EFBC}") = "Ejercicio9", "Ejercicio9\Ejercicio9.csproj", "{02B4B4A9-4434-4B0D-A450-41F8BD5ED589}"
EndProject
Global
	GlobalSection(SolutionConfigurationPlatforms) = preSolution
		Debug|Any CPU = Debug|Any CPU
		Release|Any CPU = Release|Any CPU
	EndGlobalSection
	GlobalSection(ProjectConfigurationPlatforms) = postSolution
		{02B4B4A9-4434-4B0D-A450-41F8BD5ED589}.Debug|Any CPU.ActiveCfg = Debug|Any CPU
		{02B4B4A9-4434-4B0D-A450-41F8BD5ED589}.Debug|Any CPU.Build.0 = Debug|Any CPU
		{02B4B4A9-4434-4B0D-A450-41F8BD5ED589}.Release|Any CPU.ActiveCfg = Release|Any CPU
		{02B4B4A9-4434-4B0D-A450-41F8BD5ED589}.Release|Any CPU.Build.0 = Release|Any CPU
	EndGlobalSection
	GlobalSection(SolutionProperties) = preSolution
		HideSolutionNode = FALSE
	EndGlobalSection
	GlobalSection(ExtensibilityGlobals) = postSolution
		SolutionGuid = {101B83D8-4280-48F6-98C2-D9651BF552E0}
	EndGlobalSection
EndGlobal
